{
  "lockfileVersion": 1,
  "configVersion": 1,
  "workspaces": {
    "": {
      "name": "@unconfirmed/sui-light-client",
      "dependencies": {
        "@mysten/bcs": "^1.3.0",
        "@noble/curves": "^1.8.0",
        "@noble/hashes": "^1.7.0",
        "@unconfirmed/kei": "^0.0.7",
      },
      "devDependencies": {
        "@mysten/sui": "^2.13.0",
        "bun-types": "^1.3.11",
      },
    },
  },
  "packages": {
    "@0no-co/graphql.web": ["@0no-co/graphql.web@1.2.0", "", { "peerDependencies": { "graphql": "^14.0.0 || ^15.0.0 || ^16.0.0" }, "optionalPeers": ["graphql"] }, "sha512-/1iHy9TTr63gE1YcR5idjx8UREz1s0kFhydf3bBLCXyqjhkIc6igAzTOx3zPifCwFR87tsh/4Pa9cNts6d2otw=="],

    "@0no-co/graphqlsp": ["@0no-co/graphqlsp@1.15.2", "", { "dependencies": { "@gql.tada/internal": "^1.0.0", "graphql": "^15.5.0 || ^16.0.0 || ^17.0.0" }, "peerDependencies": { "typescript": "^5.0.0" } }, "sha512-Ys031WnS3sTQQBtRTkQsYnw372OlW72ais4sp0oh2UMPRNyxxnq85zRfU4PIdoy9kWriysPT5BYAkgIxhbonFA=="],

    "@gql.tada/cli-utils": ["@gql.tada/cli-utils@1.7.2", "", { "dependencies": { "@0no-co/graphqlsp": "^1.12.13", "@gql.tada/internal": "1.0.8", "graphql": "^15.5.0 || ^16.0.0 || ^17.0.0" }, "peerDependencies": { "@gql.tada/svelte-support": "1.0.1", "@gql.tada/vue-support": "1.0.1", "typescript": "^5.0.0" }, "optionalPeers": ["@gql.tada/svelte-support", "@gql.tada/vue-support"] }, "sha512-Qbc7hbLvCz6IliIJpJuKJa9p05b2Jona7ov7+qofCsMRxHRZE1kpAmZMvL8JCI4c0IagpIlWNaMizXEQUe8XjQ=="],

    "@gql.tada/internal": ["@gql.tada/internal@1.0.8", "", { "dependencies": { "@0no-co/graphql.web": "^1.0.5" }, "peerDependencies": { "graphql": "^15.5.0 || ^16.0.0 || ^17.0.0", "typescript": "^5.0.0" } }, "sha512-XYdxJhtHC5WtZfdDqtKjcQ4d7R1s0d1rnlSs3OcBEUbYiPoJJfZU7tWsVXuv047Z6msvmr4ompJ7eLSK5Km57g=="],

    "@graphql-typed-document-node/core": ["@graphql-typed-document-node/core@3.2.0", "", { "peerDependencies": { "graphql": "^0.8.0 || ^0.9.0 || ^0.10.0 || ^0.11.0 || ^0.12.0 || ^0.13.0 || ^14.0.0 || ^15.0.0 || ^16.0.0 || ^17.0.0" } }, "sha512-mB9oAsNCm9aM3/SOv4YtBMqZbYj10R7dkq8byBqxGY/ncFwhf2oQzMV+LCRlWoDSEBJ3COiR1yeDvMtsoOsuFQ=="],

    "@mysten/bcs": ["@mysten/bcs@1.9.2", "", { "dependencies": { "@mysten/utils": "0.2.0", "@scure/base": "^1.2.6" } }, "sha512-kBk5xrxV9OWR7i+JhL/plQrgQ2/KJhB2pB5gj+w6GXhbMQwS3DPpOvi/zN0Tj84jwPvHMllpEl0QHj6ywN7/eQ=="],

    "@mysten/sui": ["@mysten/sui@2.13.0", "", { "dependencies": { "@graphql-typed-document-node/core": "^3.2.0", "@mysten/bcs": "^2.0.3", "@mysten/utils": "^0.3.1", "@noble/curves": "^2.0.1", "@noble/hashes": "^2.0.1", "@protobuf-ts/grpcweb-transport": "^2.11.1", "@protobuf-ts/runtime": "^2.11.1", "@protobuf-ts/runtime-rpc": "^2.11.1", "@scure/base": "^2.0.0", "@scure/bip32": "^2.0.1", "@scure/bip39": "^2.0.1", "gql.tada": "^1.9.0", "graphql": "^16.12.0", "poseidon-lite": "0.2.1", "valibot": "^1.2.0" } }, "sha512-GG/XBUqrplPM1jEFMCiv7xA15qo5laaVmCVcdsZsJhzZInDJhxgV7IxFvkgrzA8bwIMhPMAA+m0CTXxznaS3eA=="],

    "@mysten/utils": ["@mysten/utils@0.3.1", "", { "dependencies": { "@scure/base": "^2.0.0" } }, "sha512-36KhxG284uhDdSnlkyNaS6fzKTX9FpP2WQWOwUKIRsqQFFIm2ooCf2TP1IuqrtMpkairwpiWkAS0eg7cpemVzg=="],

    "@noble/curves": ["@noble/curves@1.9.7", "", { "dependencies": { "@noble/hashes": "1.8.0" } }, "sha512-gbKGcRUYIjA3/zCCNaWDciTMFI0dCkvou3TL8Zmy5Nc7sJ47a0jtOeZoTaMxkuqRo9cRhjOdZJXegxYE5FN/xw=="],

    "@noble/hashes": ["@noble/hashes@1.8.0", "", {}, "sha512-jCs9ldd7NwzpgXDIf6P3+NrHh9/sD6CQdxHyjQI+h/6rDNo88ypBxxz45UDuZHz9r3tNz7N/VInSVoVdtXEI4A=="],

    "@protobuf-ts/grpcweb-transport": ["@protobuf-ts/grpcweb-transport@2.11.1", "", { "dependencies": { "@protobuf-ts/runtime": "^2.11.1", "@protobuf-ts/runtime-rpc": "^2.11.1" } }, "sha512-1W4utDdvOB+RHMFQ0soL4JdnxjXV+ddeGIUg08DvZrA8Ms6k5NN6GBFU2oHZdTOcJVpPrDJ02RJlqtaoCMNBtw=="],

    "@protobuf-ts/runtime": ["@protobuf-ts/runtime@2.11.1", "", {}, "sha512-KuDaT1IfHkugM2pyz+FwiY80ejWrkH1pAtOBOZFuR6SXEFTsnb/jiQWQ1rCIrcKx2BtyxnxW6BWwsVSA/Ie+WQ=="],

    "@protobuf-ts/runtime-rpc": ["@protobuf-ts/runtime-rpc@2.11.1", "", { "dependencies": { "@protobuf-ts/runtime": "^2.11.1" } }, "sha512-4CqqUmNA+/uMz00+d3CYKgElXO9VrEbucjnBFEjqI4GuDrEQ32MaI3q+9qPBvIGOlL4PmHXrzM32vBPWRhQKWQ=="],

    "@scure/base": ["@scure/base@2.0.0", "", {}, "sha512-3E1kpuZginKkek01ovG8krQ0Z44E3DHPjc5S2rjJw9lZn3KSQOs8S7wqikF/AH7iRanHypj85uGyxk0XAyC37w=="],

    "@scure/bip32": ["@scure/bip32@2.0.1", "", { "dependencies": { "@noble/curves": "2.0.1", "@noble/hashes": "2.0.1", "@scure/base": "2.0.0" } }, "sha512-4Md1NI5BzoVP+bhyJaY3K6yMesEFzNS1sE/cP+9nuvE7p/b0kx9XbpDHHFl8dHtufcbdHRUUQdRqLIPHN/s7yA=="],

    "@scure/bip39": ["@scure/bip39@2.0.1", "", { "dependencies": { "@noble/hashes": "2.0.1", "@scure/base": "2.0.0" } }, "sha512-PsxdFj/d2AcJcZDX1FXN3dDgitDDTmwf78rKZq1a6c1P1Nan1X/Sxc7667zU3U+AN60g7SxxP0YCVw2H/hBycg=="],

    "@types/node": ["@types/node@25.5.0", "", { "dependencies": { "undici-types": "~7.18.0" } }, "sha512-jp2P3tQMSxWugkCUKLRPVUpGaL5MVFwF8RDuSRztfwgN1wmqJeMSbKlnEtQqU8UrhTmzEmZdu2I6v2dpp7XIxw=="],

    "@unconfirmed/kei": ["@unconfirmed/kei@0.0.7", "", { "dependencies": { "@mysten/bcs": "^1.3.0", "@noble/curves": "^1.8.0", "@noble/hashes": "^1.7.0" } }, "sha512-LHVCOkthFBdCsF+bGau8tifOoPshoe6F/wtdSCYeRhp4qImOFLDlojMiz6vBARsSxbuL0+eEKH3KkqUih6Mi6Q=="],

    "bun-types": ["bun-types@1.3.11", "", { "dependencies": { "@types/node": "*" } }, "sha512-1KGPpoxQWl9f6wcZh57LvrPIInQMn2TQ7jsgxqpRzg+l0QPOFvJVH7HmvHo/AiPgwXy+/Thf6Ov3EdVn1vOabg=="],

    "gql.tada": ["gql.tada@1.9.1", "", { "dependencies": { "@0no-co/graphql.web": "^1.0.5", "@0no-co/graphqlsp": "^1.12.13", "@gql.tada/cli-utils": "1.7.2", "@gql.tada/internal": "1.0.8" }, "peerDependencies": { "typescript": "^5.0.0" }, "bin": { "gql.tada": "bin/cli.js", "gql-tada": "bin/cli.js" } }, "sha512-Ijtwgw08aE7l06wK5oj5Msgpk9SUe5FSVcuxU5dHyefdM7fDqLQpA76yHBoq8lPB3MNSir8tznodDknHkm2Z/w=="],

    "graphql": ["graphql@16.13.2", "", {}, "sha512-5bJ+nf/UCpAjHM8i06fl7eLyVC9iuNAjm9qzkiu2ZGhM0VscSvS6WDPfAwkdkBuoXGM9FJSbKl6wylMwP9Ktig=="],

    "poseidon-lite": ["poseidon-lite@0.2.1", "", {}, "sha512-xIr+G6HeYfOhCuswdqcFpSX47SPhm0EpisWJ6h7fHlWwaVIvH3dLnejpatrtw6Xc6HaLrpq05y7VRfvDmDGIog=="],

    "typescript": ["typescript@5.9.3", "", { "bin": { "tsc": "bin/tsc", "tsserver": "bin/tsserver" } }, "sha512-jl1vZzPDinLr9eUt3J/t7V6FgNEw9QjvBPdysz9KfQDD41fQrC2Y4vKQdiaUpFT4bXlb1RHhLpp8wtm6M5TgSw=="],

    "undici-types": ["undici-types@7.18.2", "", {}, "sha512-AsuCzffGHJybSaRrmr5eHr81mwJU3kjw6M+uprWvCXiNeN9SOGwQ3Jn8jb8m3Z6izVgknn1R0FTCEAP2QrLY/w=="],

    "valibot": ["valibot@1.3.1", "", { "peerDependencies": { "typescript": ">=5" }, "optionalPeers": ["typescript"] }, "sha512-sfdRir/QFM0JaF22hqTroPc5xy4DimuGQVKFrzF1YfGwaS1nJot3Y8VqMdLO2Lg27fMzat2yD3pY5PbAYO39Gg=="],

    "@mysten/bcs/@mysten/utils": ["@mysten/utils@0.2.0", "", { "dependencies": { "@scure/base": "^1.2.6" } }, "sha512-CM6kJcJHX365cK6aXfFRLBiuyXc5WSBHQ43t94jqlCAIRw8umgNcTb5EnEA9n31wPAQgLDGgbG/rCUISCTJ66w=="],

    "@mysten/bcs/@scure/base": ["@scure/base@1.2.6", "", {}, "sha512-g/nm5FgUa//MCj1gV09zTJTaM6KBAHqLN907YVQqf7zC49+DcO4B1so4ZX07Ef10Twr6nuqYEH9GEggFXA4Fmg=="],

    "@mysten/sui/@mysten/bcs": ["@mysten/bcs@2.0.3", "", { "dependencies": { "@mysten/utils": "^0.3.1", "@scure/base": "^2.0.0" } }, "sha512-dwcaL4HNAsEGpU3hKUAsXgCZp9l6++e2A3THpzoYZ8e7bsy4XH1V0dXD5dIzgNcVZiZfb6ZnDMG+gdF6+1WOQA=="],

    "@mysten/sui/@noble/curves": ["@noble/curves@2.0.1", "", { "dependencies": { "@noble/hashes": "2.0.1" } }, "sha512-vs1Az2OOTBiP4q0pwjW5aF0xp9n4MxVrmkFBxc6EKZc6ddYx5gaZiAsZoq0uRRXWbi3AT/sBqn05eRPtn1JCPw=="],

    "@mysten/sui/@noble/hashes": ["@noble/hashes@2.0.1", "", {}, "sha512-XlOlEbQcE9fmuXxrVTXCTlG2nlRXa9Rj3rr5Ue/+tX+nmkgbX720YHh0VR3hBF9xDvwnb8D2shVGOwNx+ulArw=="],

    "@scure/bip32/@noble/curves": ["@noble/curves@2.0.1", "", { "dependencies": { "@noble/hashes": "2.0.1" } }, "sha512-vs1Az2OOTBiP4q0pwjW5aF0xp9n4MxVrmkFBxc6EKZc6ddYx5gaZiAsZoq0uRRXWbi3AT/sBqn05eRPtn1JCPw=="],

    "@scure/bip32/@noble/hashes": ["@noble/hashes@2.0.1", "", {}, "sha512-XlOlEbQcE9fmuXxrVTXCTlG2nlRXa9Rj3rr5Ue/+tX+nmkgbX720YHh0VR3hBF9xDvwnb8D2shVGOwNx+ulArw=="],

    "@scure/bip39/@noble/hashes": ["@noble/hashes@2.0.1", "", {}, "sha512-XlOlEbQcE9fmuXxrVTXCTlG2nlRXa9Rj3rr5Ue/+tX+nmkgbX720YHh0VR3hBF9xDvwnb8D2shVGOwNx+ulArw=="],
  }
}
